
Microsoft Visual Studio Solution File, Format Version 12.00
# Visual Studio Version 17
VisualStudioVersion = 17.5.002.0
MinimumVisualStudioVersion = 10.0.40219.1
Project("{9A19103F-16F7-4668-BE54-9A1E7A4F7556}") = "StaticMethod", "StaticMethod.csproj", "{B6C52714-A851-4E9C-B37A-89DE507569FF}"
EndProject
Global
	GlobalSection(SolutionConfigurationPlatforms) = preSolution
		Debug|Any CPU = Debug|Any CPU
		Release|Any CPU = Release|Any CPU
	EndGlobalSection
	GlobalSection(ProjectConfigurationPlatforms) = postSolution
		{B6C52714-A851-4E9C-B37A-89DE507569FF}.Debug|Any CPU.ActiveCfg = Debug|Any CPU
		{B6C52714-A851-4E9C-B37A-89DE507569FF}.Debug|Any CPU.Build.0 = Debug|Any CPU
		{B6C52714-A851-4E9C-B37A-89DE507569FF}.Release|Any CPU.ActiveCfg = Release|Any CPU
		{B6C52714-A851-4E9C-B37A-89DE507569FF}.Release|Any CPU.Build.0 = Release|Any CPU
	EndGlobalSection
	GlobalSection(SolutionProperties) = preSolution
		HideSolutionNode = FALSE
	EndGlobalSection
	GlobalSection(ExtensibilityGlobals) = postSolution
		SolutionGuid = {799163F3-3923-4A2A-81C4-3D1E0A9C76EA}
	EndGlobalSection
EndGlobal
